
Microsoft Visual Studio Solution File, Format Version 12.00
# Visual Studio Version 17
VisualStudioVersion = 17.6.33723.286
MinimumVisualStudioVersion = 10.0.40219.1
Project("{FAE04EC0-301F-11D3-BF4B-00C04F79EFBC}") = "WebApplication1", "WebApplication1\WebApplication1.csproj", "{5D409766-82D4-453C-BF6F-C0184F344B32}"
EndProject
Global
	GlobalSection(SolutionConfigurationPlatforms) = preSolution
		Debug|Any CPU = Debug|Any CPU
		Release|Any CPU = Release|Any CPU
	EndGlobalSection
	GlobalSection(ProjectConfigurationPlatforms) = postSolution
		{5D409766-82D4-453C-BF6F-C0184F344B32}.Debug|Any CPU.ActiveCfg = Debug|Any CPU
		{5D409766-82D4-453C-BF6F-C0184F344B32}.Debug|Any CPU.Build.0 = Debug|Any CPU
		{5D409766-82D4-453C-BF6F-C0184F344B32}.Release|Any CPU.ActiveCfg = Release|Any CPU
		{5D409766-82D4-453C-BF6F-C0184F344B32}.Release|Any CPU.Build.0 = Release|Any CPU
	EndGlobalSection
	GlobalSection(SolutionProperties) = preSolution
		HideSolutionNode = FALSE
	EndGlobalSection
	GlobalSection(ExtensibilityGlobals) = postSolution
		SolutionGuid = {C6C2C603-C3A4-409E-B5FC-C0A2B7000B59}
	EndGlobalSection
EndGlobal
