
Microsoft Visual Studio Solution File, Format Version 12.00
# Visual Studio Version 17
VisualStudioVersion = 17.6.33723.286
MinimumVisualStudioVersion = 10.0.40219.1
Project("{FAE04EC0-301F-11D3-BF4B-00C04F79EFBC}") = "WebApplication13", "WebApplication13\WebApplication13.csproj", "{1544B2A4-D18C-46EA-A610-DC4E2A93BDF0}"
EndProject
Global
	GlobalSection(SolutionConfigurationPlatforms) = preSolution
		Debug|Any CPU = Debug|Any CPU
		Release|Any CPU = Release|Any CPU
	EndGlobalSection
	GlobalSection(ProjectConfigurationPlatforms) = postSolution
		{1544B2A4-D18C-46EA-A610-DC4E2A93BDF0}.Debug|Any CPU.ActiveCfg = Debug|Any CPU
		{1544B2A4-D18C-46EA-A610-DC4E2A93BDF0}.Debug|Any CPU.Build.0 = Debug|Any CPU
		{1544B2A4-D18C-46EA-A610-DC4E2A93BDF0}.Release|Any CPU.ActiveCfg = Release|Any CPU
		{1544B2A4-D18C-46EA-A610-DC4E2A93BDF0}.Release|Any CPU.Build.0 = Release|Any CPU
	EndGlobalSection
	GlobalSection(SolutionProperties) = preSolution
		HideSolutionNode = FALSE
	EndGlobalSection
	GlobalSection(ExtensibilityGlobals) = postSolution
		SolutionGuid = {FDF0169E-EED7-4528-9961-2192D4786738}
	EndGlobalSection
EndGlobal
