
Microsoft Visual Studio Solution File, Format Version 12.00
# Visual Studio Version 17
VisualStudioVersion = 17.6.33723.286
MinimumVisualStudioVersion = 10.0.40219.1
Project("{FAE04EC0-301F-11D3-BF4B-00C04F79EFBC}") = "WpfApp1", "WpfApp1\WpfApp1.csproj", "{C8E3F363-85B6-40B6-9C7B-391A27A1FC9A}"
EndProject
Global
	GlobalSection(SolutionConfigurationPlatforms) = preSolution
		Debug|Any CPU = Debug|Any CPU
		Release|Any CPU = Release|Any CPU
	EndGlobalSection
	GlobalSection(ProjectConfigurationPlatforms) = postSolution
		{C8E3F363-85B6-40B6-9C7B-391A27A1FC9A}.Debug|Any CPU.ActiveCfg = Debug|Any CPU
		{C8E3F363-85B6-40B6-9C7B-391A27A1FC9A}.Debug|Any CPU.Build.0 = Debug|Any CPU
		{C8E3F363-85B6-40B6-9C7B-391A27A1FC9A}.Release|Any CPU.ActiveCfg = Release|Any CPU
		{C8E3F363-85B6-40B6-9C7B-391A27A1FC9A}.Release|Any CPU.Build.0 = Release|Any CPU
	EndGlobalSection
	GlobalSection(SolutionProperties) = preSolution
		HideSolutionNode = FALSE
	EndGlobalSection
	GlobalSection(ExtensibilityGlobals) = postSolution
		SolutionGuid = {0EE33B4E-1E1F-4F5C-A047-4ABF3A947356}
	EndGlobalSection
EndGlobal
