
Microsoft Visual Studio Solution File, Format Version 12.00
# Visual Studio Version 17
VisualStudioVersion = 17.6.33723.286
MinimumVisualStudioVersion = 10.0.40219.1
Project("{FAE04EC0-301F-11D3-BF4B-00C04F79EFBC}") = "WebApplication6", "WebApplication6\WebApplication6.csproj", "{087467DE-C4F1-4CDE-B10D-FB17B962DC90}"
EndProject
Global
	GlobalSection(SolutionConfigurationPlatforms) = preSolution
		Debug|Any CPU = Debug|Any CPU
		Release|Any CPU = Release|Any CPU
	EndGlobalSection
	GlobalSection(ProjectConfigurationPlatforms) = postSolution
		{087467DE-C4F1-4CDE-B10D-FB17B962DC90}.Debug|Any CPU.ActiveCfg = Debug|Any CPU
		{087467DE-C4F1-4CDE-B10D-FB17B962DC90}.Debug|Any CPU.Build.0 = Debug|Any CPU
		{087467DE-C4F1-4CDE-B10D-FB17B962DC90}.Release|Any CPU.ActiveCfg = Release|Any CPU
		{087467DE-C4F1-4CDE-B10D-FB17B962DC90}.Release|Any CPU.Build.0 = Release|Any CPU
	EndGlobalSection
	GlobalSection(SolutionProperties) = preSolution
		HideSolutionNode = FALSE
	EndGlobalSection
	GlobalSection(ExtensibilityGlobals) = postSolution
		SolutionGuid = {E1334500-61C9-4C42-A860-77DDD7C97765}
	EndGlobalSection
EndGlobal
