
Microsoft Visual Studio Solution File, Format Version 12.00
# Visual Studio Version 17
VisualStudioVersion = 17.6.33723.286
MinimumVisualStudioVersion = 10.0.40219.1
Project("{FAE04EC0-301F-11D3-BF4B-00C04F79EFBC}") = "ConsoleApp1", "ConsoleApp1\ConsoleApp1.csproj", "{5268C461-EBFA-4FDF-89EF-39C889A9B98B}"
EndProject
Global
	GlobalSection(SolutionConfigurationPlatforms) = preSolution
		Debug|Any CPU = Debug|Any CPU
		Release|Any CPU = Release|Any CPU
	EndGlobalSection
	GlobalSection(ProjectConfigurationPlatforms) = postSolution
		{5268C461-EBFA-4FDF-89EF-39C889A9B98B}.Debug|Any CPU.ActiveCfg = Debug|Any CPU
		{5268C461-EBFA-4FDF-89EF-39C889A9B98B}.Debug|Any CPU.Build.0 = Debug|Any CPU
		{5268C461-EBFA-4FDF-89EF-39C889A9B98B}.Release|Any CPU.ActiveCfg = Release|Any CPU
		{5268C461-EBFA-4FDF-89EF-39C889A9B98B}.Release|Any CPU.Build.0 = Release|Any CPU
	EndGlobalSection
	GlobalSection(SolutionProperties) = preSolution
		HideSolutionNode = FALSE
	EndGlobalSection
	GlobalSection(ExtensibilityGlobals) = postSolution
		SolutionGuid = {642D370A-B8A4-4038-8A5E-D5827B2669CE}
	EndGlobalSection
EndGlobal
